
Microsoft Visual Studio Solution File, Format Version 12.00
# Visual Studio Version 16
VisualStudioVersion = 16.0.30615.102
MinimumVisualStudioVersion = 10.0.40219.1
Project("{9A19103F-16F7-4668-BE54-9A1E7A4F7556}") = "Renamer", "Renamer\Renamer.csproj", "{62D95EEB-DDA8-4F34-A242-0D4F47991B34}"
EndProject
Global
	GlobalSection(SolutionConfigurationPlatforms) = preSolution
		Debug|Any CPU = Debug|Any CPU
		Release|Any CPU = Release|Any CPU
	EndGlobalSection
	GlobalSection(ProjectConfigurationPlatforms) = postSolution
		{62D95EEB-DDA8-4F34-A242-0D4F47991B34}.Debug|Any CPU.ActiveCfg = Debug|Any CPU
		{62D95EEB-DDA8-4F34-A242-0D4F47991B34}.Debug|Any CPU.Build.0 = Debug|Any CPU
		{62D95EEB-DDA8-4F34-A242-0D4F47991B34}.Release|Any CPU.ActiveCfg = Release|Any CPU
		{62D95EEB-DDA8-4F34-A242-0D4F47991B34}.Release|Any CPU.Build.0 = Release|Any CPU
	EndGlobalSection
	GlobalSection(SolutionProperties) = preSolution
		HideSolutionNode = FALSE
	EndGlobalSection
	GlobalSection(ExtensibilityGlobals) = postSolution
		SolutionGuid = {77405554-C26B-4A1D-8452-58D8915CC4E6}
	EndGlobalSection
EndGlobal
